
Microsoft Visual Studio Solution File, Format Version 12.00
# Visual Studio Version 16
VisualStudioVersion = 16.0.32002.261
MinimumVisualStudioVersion = 10.0.40219.1
Project("{FAE04EC0-301F-11D3-BF4B-00C04F79EFBC}") = "zeroHunger", "zeroHunger\zeroHunger.csproj", "{1BA137CC-27FB-4BF2-AB23-EADEC3F69ED7}"
EndProject
Global
	GlobalSection(SolutionConfigurationPlatforms) = preSolution
		Debug|Any CPU = Debug|Any CPU
		Release|Any CPU = Release|Any CPU
	EndGlobalSection
	GlobalSection(ProjectConfigurationPlatforms) = postSolution
		{1BA137CC-27FB-4BF2-AB23-EADEC3F69ED7}.Debug|Any CPU.ActiveCfg = Debug|Any CPU
		{1BA137CC-27FB-4BF2-AB23-EADEC3F69ED7}.Debug|Any CPU.Build.0 = Debug|Any CPU
		{1BA137CC-27FB-4BF2-AB23-EADEC3F69ED7}.Release|Any CPU.ActiveCfg = Release|Any CPU
		{1BA137CC-27FB-4BF2-AB23-EADEC3F69ED7}.Release|Any CPU.Build.0 = Release|Any CPU
	EndGlobalSection
	GlobalSection(SolutionProperties) = preSolution
		HideSolutionNode = FALSE
	EndGlobalSection
	GlobalSection(ExtensibilityGlobals) = postSolution
		SolutionGuid = {8F080586-0251-4CA4-9CEB-6821D592ABB0}
	EndGlobalSection
EndGlobal
